// !$*UTF8*$!
{
	archiveVersion = 1;
	classes = {
	};
	objectVersion = 46;
	objects = {

/* Begin PBXBuildFile section */
		3F2539271D9BEA400072831B /* RightWeatherController.m in Sources */ = {isa = PBXBuildFile; fileRef = 3F2539251D9BEA400072831B /* RightWeatherController.m */; settings = {ASSET_TAGS = (); }; };
		3F2539281D9BEA400072831B /* RightWeatherController.xib in Resources */ = {isa = PBXBuildFile; fileRef = 3F2539261D9BEA400072831B /* RightWeatherController.xib */; settings = {ASSET_TAGS = (); }; };
		3F2539481D9BF5940072831B /* ShowViewController.m in Sources */ = {isa = PBXBuildFile; fileRef = 3F2539461D9BF5940072831B /* ShowViewController.m */; settings = {ASSET_TAGS = (); }; };
		3F2539491D9BF5940072831B /* ShowViewController.xib in Resources */ = {isa = PBXBuildFile; fileRef = 3F2539471D9BF5940072831B /* ShowViewController.xib */; settings = {ASSET_TAGS = (); }; };
		3F2539501D9BFB460072831B /* 视频.png in Resources */ = {isa = PBXBuildFile; fileRef = 3F25394A1D9BFB460072831B /* 视频.png */; settings = {ASSET_TAGS = (); }; };
		3F2539511D9BFB460072831B /* 视频2.png in Resources */ = {isa = PBXBuildFile; fileRef = 3F25394B1D9BFB460072831B /* 视频2.png */; settings = {ASSET_TAGS = (); }; };
		3F2539521D9BFB460072831B /* 外卖.png in Resources */ = {isa = PBXBuildFile; fileRef = 3F25394C1D9BFB460072831B /* 外卖.png */; settings = {ASSET_TAGS = (); }; };
		3F2539531D9BFB460072831B /* 外卖2.png in Resources */ = {isa = PBXBuildFile; fileRef = 3F25394D1D9BFB460072831B /* 外卖2.png */; settings = {ASSET_TAGS = (); }; };
		3F2539541D9BFB460072831B /* 新闻.png in Resources */ = {isa = PBXBuildFile; fileRef = 3F25394E1D9BFB460072831B /* 新闻.png */; settings = {ASSET_TAGS = (); }; };
		3F2539551D9BFB460072831B /* 新闻2.png in Resources */ = {isa = PBXBuildFile; fileRef = 3F25394F1D9BFB460072831B /* 新闻2.png */; settings = {ASSET_TAGS = (); }; };
		3F25395F1D9CB3820072831B /* NetWorkRequest.m in Sources */ = {isa = PBXBuildFile; fileRef = 3F25395E1D9CB3820072831B /* NetWorkRequest.m */; settings = {ASSET_TAGS = (); }; };
		3F33C6F51D9CBD3700621E92 /* RadioDetailList.m in Sources */ = {isa = PBXBuildFile; fileRef = 3F33C6F31D9CBD3700621E92 /* RadioDetailList.m */; settings = {ASSET_TAGS = (); }; };
		3F33C6F61D9CBD3700621E92 /* RadioDetailList.xib in Resources */ = {isa = PBXBuildFile; fileRef = 3F33C6F41D9CBD3700621E92 /* RadioDetailList.xib */; settings = {ASSET_TAGS = (); }; };
		3F33C6FA1D9CBF8500621E92 /* RadioMainRightTableCell.m in Sources */ = {isa = PBXBuildFile; fileRef = 3F33C6F81D9CBF8500621E92 /* RadioMainRightTableCell.m */; settings = {ASSET_TAGS = (); }; };
		3F33C6FB1D9CBF8500621E92 /* RadioMainRightTableCell.xib in Resources */ = {isa = PBXBuildFile; fileRef = 3F33C6F91D9CBF8500621E92 /* RadioMainRightTableCell.xib */; settings = {ASSET_TAGS = (); }; };
		3F33C6FF1D9CDFC800621E92 /* RedioDetailListCell.m in Sources */ = {isa = PBXBuildFile; fileRef = 3F33C6FD1D9CDFC800621E92 /* RedioDetailListCell.m */; settings = {ASSET_TAGS = (); }; };
		3F33C7001D9CDFC800621E92 /* RedioDetailListCell.xib in Resources */ = {isa = PBXBuildFile; fileRef = 3F33C6FE1D9CDFC800621E92 /* RedioDetailListCell.xib */; settings = {ASSET_TAGS = (); }; };
		3F33C7041D9CEA3100621E92 /* radioController.m in Sources */ = {isa = PBXBuildFile; fileRef = 3F33C7021D9CEA3100621E92 /* radioController.m */; settings = {ASSET_TAGS = (); }; };
		3F33C7051D9CEA3100621E92 /* radioController.xib in Resources */ = {isa = PBXBuildFile; fileRef = 3F33C7031D9CEA3100621E92 /* radioController.xib */; settings = {ASSET_TAGS = (); }; };
		3F33C7091D9D0D5E00621E92 /* 1.jpg in Resources */ = {isa = PBXBuildFile; fileRef = 3F33C7081D9D0D5D00621E92 /* 1.jpg */; settings = {ASSET_TAGS = (); }; };
		3F33C7101D9D2E6A00621E92 /* List.m in Sources */ = {isa = PBXBuildFile; fileRef = 3F33C70C1D9D2E6A00621E92 /* List.m */; settings = {ASSET_TAGS = (); }; };
		3F33C7111D9D2E6A00621E92 /* RadioMain.m in Sources */ = {isa = PBXBuildFile; fileRef = 3F33C70E1D9D2E6A00621E92 /* RadioMain.m */; settings = {ASSET_TAGS = (); }; };
		3F45A8471D9BA7FD00A83BB1 /* main.m in Sources */ = {isa = PBXBuildFile; fileRef = 3F45A8461D9BA7FD00A83BB1 /* main.m */; };
		3F45A84A1D9BA7FD00A83BB1 /* AppDelegate.m in Sources */ = {isa = PBXBuildFile; fileRef = 3F45A8491D9BA7FD00A83BB1 /* AppDelegate.m */; };
		3F45A8501D9BA7FD00A83BB1 /* Main.storyboard in Resources */ = {isa = PBXBuildFile; fileRef = 3F45A84E1D9BA7FD00A83BB1 /* Main.storyboard */; };
		3F45A8521D9BA7FD00A83BB1 /* Assets.xcassets in Resources */ = {isa = PBXBuildFile; fileRef = 3F45A8511D9BA7FD00A83BB1 /* Assets.xcassets */; };
		3F45A8551D9BA7FD00A83BB1 /* LaunchScreen.storyboard in Resources */ = {isa = PBXBuildFile; fileRef = 3F45A8531D9BA7FD00A83BB1 /* LaunchScreen.storyboard */; };
		3F45A8CA1D9BDB7D00A83BB1 /* LeftSettingController.m in Sources */ = {isa = PBXBuildFile; fileRef = 3F45A8C71D9BDB7D00A83BB1 /* LeftSettingController.m */; settings = {ASSET_TAGS = (); }; };
		3F45A8CB1D9BDB7D00A83BB1 /* MMNavigationController.m in Sources */ = {isa = PBXBuildFile; fileRef = 3F45A8C91D9BDB7D00A83BB1 /* MMNavigationController.m */; settings = {ASSET_TAGS = (); }; };
		3F45A8D61D9BE25800A83BB1 /* VedioMainController.m in Sources */ = {isa = PBXBuildFile; fileRef = 3F45A8D41D9BE25800A83BB1 /* VedioMainController.m */; settings = {ASSET_TAGS = (); }; };
		3F45A8D71D9BE25800A83BB1 /* VedioMainController.xib in Resources */ = {isa = PBXBuildFile; fileRef = 3F45A8D51D9BE25800A83BB1 /* VedioMainController.xib */; settings = {ASSET_TAGS = (); }; };
		3F45A8DB1D9BE27000A83BB1 /* RadioMainController.m in Sources */ = {isa = PBXBuildFile; fileRef = 3F45A8D91D9BE27000A83BB1 /* RadioMainController.m */; settings = {ASSET_TAGS = (); }; };
		3F45A8DC1D9BE27000A83BB1 /* RadioMainController.xib in Resources */ = {isa = PBXBuildFile; fileRef = 3F45A8DA1D9BE27000A83BB1 /* RadioMainController.xib */; settings = {ASSET_TAGS = (); }; };
		3F45A8E01D9BE28E00A83BB1 /* NewsMainController.m in Sources */ = {isa = PBXBuildFile; fileRef = 3F45A8DE1D9BE28E00A83BB1 /* NewsMainController.m */; settings = {ASSET_TAGS = (); }; };
		3F45A8E11D9BE28E00A83BB1 /* NewsMainController.xib in Resources */ = {isa = PBXBuildFile; fileRef = 3F45A8DF1D9BE28E00A83BB1 /* NewsMainController.xib */; settings = {ASSET_TAGS = (); }; };
		3F45A8E51D9BE2B500A83BB1 /* BuyMainController.m in Sources */ = {isa = PBXBuildFile; fileRef = 3F45A8E31D9BE2B500A83BB1 /* BuyMainController.m */; settings = {ASSET_TAGS = (); }; };
		3F45A8E61D9BE2B500A83BB1 /* BuyMainController.xib in Resources */ = {isa = PBXBuildFile; fileRef = 3F45A8E41D9BE2B500A83BB1 /* BuyMainController.xib */; settings = {ASSET_TAGS = (); }; };
		3FA6ABA71D9D31FD009D5B67 /* NewsMainTableViewCell.m in Sources */ = {isa = PBXBuildFile; fileRef = 3FA6ABA51D9D31FD009D5B67 /* NewsMainTableViewCell.m */; settings = {ASSET_TAGS = (); }; };
		3FA6ABA81D9D31FD009D5B67 /* NewsMainTableViewCell.xib in Resources */ = {isa = PBXBuildFile; fileRef = 3FA6ABA61D9D31FD009D5B67 /* NewsMainTableViewCell.xib */; settings = {ASSET_TAGS = (); }; };
		3FA6ABAB1D9D36BE009D5B67 /* NewsDetailTableViewController.m in Sources */ = {isa = PBXBuildFile; fileRef = 3FA6ABAA1D9D36BE009D5B67 /* NewsDetailTableViewController.m */; settings = {ASSET_TAGS = (); }; };
		403D4CABCEF43A9B1EBAB6A1 /* libPods-ProjectB.a in Frameworks */ = {isa = PBXBuildFile; fileRef = 29BCBBB5C7E01C13AF603DA3 /* libPods-ProjectB.a */; };
/* End PBXBuildFile section */

/* Begin PBXFileReference section */
		29BCBBB5C7E01C13AF603DA3 /* libPods-ProjectB.a */ = {isa = PBXFileReference; explicitFileType = archive.ar; includeInIndex = 0; path = "libPods-ProjectB.a"; sourceTree = BUILT_PRODUCTS_DIR; };
		2BEEDCAA33316EC1D3FB37CC /* Pods-ProjectB.release.xcconfig */ = {isa = PBXFileReference; includeInIndex = 1; lastKnownFileType = text.xcconfig; name = "Pods-ProjectB.release.xcconfig"; path = "Pods/Target Support Files/Pods-ProjectB/Pods-ProjectB.release.xcconfig"; sourceTree = "<group>"; };
		3F2539241D9BEA400072831B /* RightWeatherController.h */ = {isa = PBXFileReference; fileEncoding = 4; lastKnownFileType = sourcecode.c.h; path = RightWeatherController.h; sourceTree = "<group>"; };
		3F2539251D9BEA400072831B /* RightWeatherController.m */ = {isa = PBXFileReference; fileEncoding = 4; lastKnownFileType = sourcecode.c.objc; path = RightWeatherController.m; sourceTree = "<group>"; };
		3F2539261D9BEA400072831B /* RightWeatherController.xib */ = {isa = PBXFileReference; fileEncoding = 4; lastKnownFileType = file.xib; path = RightWeatherController.xib; sourceTree = "<group>"; };
		3F2539451D9BF5940072831B /* ShowViewController.h */ = {isa = PBXFileReference; fileEncoding = 4; lastKnownFileType = sourcecode.c.h; path = ShowViewController.h; sourceTree = "<group>"; };
		3F2539461D9BF5940072831B /* ShowViewController.m */ = {isa = PBXFileReference; fileEncoding = 4; lastKnownFileType = sourcecode.c.objc; path = ShowViewController.m; sourceTree = "<group>"; };
		3F2539471D9BF5940072831B /* ShowViewController.xib */ = {isa = PBXFileReference; fileEncoding = 4; lastKnownFileType = file.xib; path = ShowViewController.xib; sourceTree = "<group>"; };
		3F25394A1D9BFB460072831B /* 视频.png */ = {isa = PBXFileReference; lastKnownFileType = image.png; path = "视频.png"; sourceTree = "<group>"; };
		3F25394B1D9BFB460072831B /* 视频2.png */ = {isa = PBXFileReference; lastKnownFileType = image.png; path = "视频2.png"; sourceTree = "<group>"; };
		3F25394C1D9BFB460072831B /* 外卖.png */ = {isa = PBXFileReference; lastKnownFileType = image.png; path = "外卖.png"; sourceTree = "<group>"; };
		3F25394D1D9BFB460072831B /* 外卖2.png */ = {isa = PBXFileReference; lastKnownFileType = image.png; path = "外卖2.png"; sourceTree = "<group>"; };
		3F25394E1D9BFB460072831B /* 新闻.png */ = {isa = PBXFileReference; lastKnownFileType = image.png; path = "新闻.png"; sourceTree = "<group>"; };
		3F25394F1D9BFB460072831B /* 新闻2.png */ = {isa = PBXFileReference; lastKnownFileType = image.png; path = "新闻2.png"; sourceTree = "<group>"; };
		3F25395A1D9CA38D0072831B /* ToolsHelper.h */ = {isa = PBXFileReference; fileEncoding = 4; lastKnownFileType = sourcecode.c.h; path = ToolsHelper.h; sourceTree = "<group>"; };
		3F25395D1D9CB3820072831B /* NetWorkRequest.h */ = {isa = PBXFileReference; fileEncoding = 4; lastKnownFileType = sourcecode.c.h; path = NetWorkRequest.h; sourceTree = "<group>"; };
		3F25395E1D9CB3820072831B /* NetWorkRequest.m */ = {isa = PBXFileReference; fileEncoding = 4; lastKnownFileType = sourcecode.c.objc; path = NetWorkRequest.m; sourceTree = "<group>"; };
		3F33C6F21D9CBD3700621E92 /* RadioDetailList.h */ = {isa = PBXFileReference; fileEncoding = 4; lastKnownFileType = sourcecode.c.h; path = RadioDetailList.h; sourceTree = "<group>"; };
		3F33C6F31D9CBD3700621E92 /* RadioDetailList.m */ = {isa = PBXFileReference; fileEncoding = 4; lastKnownFileType = sourcecode.c.objc; path = RadioDetailList.m; sourceTree = "<group>"; };
		3F33C6F41D9CBD3700621E92 /* RadioDetailList.xib */ = {isa = PBXFileReference; fileEncoding = 4; lastKnownFileType = file.xib; path = RadioDetailList.xib; sourceTree = "<group>"; };
		3F33C6F71D9CBF8500621E92 /* RadioMainRightTableCell.h */ = {isa = PBXFileReference; fileEncoding = 4; lastKnownFileType = sourcecode.c.h; path = RadioMainRightTableCell.h; sourceTree = "<group>"; };
		3F33C6F81D9CBF8500621E92 /* RadioMainRightTableCell.m */ = {isa = PBXFileReference; fileEncoding = 4; lastKnownFileType = sourcecode.c.objc; path = RadioMainRightTableCell.m; sourceTree = "<group>"; };
		3F33C6F91D9CBF8500621E92 /* RadioMainRightTableCell.xib */ = {isa = PBXFileReference; fileEncoding = 4; lastKnownFileType = file.xib; path = RadioMainRightTableCell.xib; sourceTree = "<group>"; };
		3F33C6FC1D9CDFC800621E92 /* RedioDetailListCell.h */ = {isa = PBXFileReference; fileEncoding = 4; lastKnownFileType = sourcecode.c.h; path = RedioDetailListCell.h; sourceTree = "<group>"; };
		3F33C6FD1D9CDFC800621E92 /* RedioDetailListCell.m */ = {isa = PBXFileReference; fileEncoding = 4; lastKnownFileType = sourcecode.c.objc; path = RedioDetailListCell.m; sourceTree = "<group>"; };
		3F33C6FE1D9CDFC800621E92 /* RedioDetailListCell.xib */ = {isa = PBXFileReference; fileEncoding = 4; lastKnownFileType = file.xib; path = RedioDetailListCell.xib; sourceTree = "<group>"; };
		3F33C7011D9CEA3100621E92 /* radioController.h */ = {isa = PBXFileReference; fileEncoding = 4; lastKnownFileType = sourcecode.c.h; path = radioController.h; sourceTree = "<group>"; };
		3F33C7021D9CEA3100621E92 /* radioController.m */ = {isa = PBXFileReference; fileEncoding = 4; lastKnownFileType = sourcecode.c.objc; path = radioController.m; sourceTree = "<group>"; };
		3F33C7031D9CEA3100621E92 /* radioController.xib */ = {isa = PBXFileReference; fileEncoding = 4; lastKnownFileType = file.xib; path = radioController.xib; sourceTree = "<group>"; };
		3F33C7081D9D0D5D00621E92 /* 1.jpg */ = {isa = PBXFileReference; lastKnownFileType = image.jpeg; path = 1.jpg; sourceTree = "<group>"; };
		3F33C70B1D9D2E6A00621E92 /* List.h */ = {isa = PBXFileReference; fileEncoding = 4; lastKnownFileType = sourcecode.c.h; path = List.h; sourceTree = "<group>"; };
		3F33C70C1D9D2E6A00621E92 /* List.m */ = {isa = PBXFileReference; fileEncoding = 4; lastKnownFileType = sourcecode.c.objc; path = List.m; sourceTree = "<group>"; };
		3F33C70D1D9D2E6A00621E92 /* RadioMain.h */ = {isa = PBXFileReference; fileEncoding = 4; lastKnownFileType = sourcecode.c.h; path = RadioMain.h; sourceTree = "<group>"; };
		3F33C70E1D9D2E6A00621E92 /* RadioMain.m */ = {isa = PBXFileReference; fileEncoding = 4; lastKnownFileType = sourcecode.c.objc; path = RadioMain.m; sourceTree = "<group>"; };
		3F33C70F1D9D2E6A00621E92 /* RadioMainDataModels.h */ = {isa = PBXFileReference; fileEncoding = 4; lastKnownFileType = sourcecode.c.h; path = RadioMainDataModels.h; sourceTree = "<group>"; };
		3F45A8421D9BA7FD00A83BB1 /* ProjectB.app */ = {isa = PBXFileReference; explicitFileType = wrapper.application; includeInIndex = 0; path = ProjectB.app; sourceTree = BUILT_PRODUCTS_DIR; };
		3F45A8461D9BA7FD00A83BB1 /* main.m */ = {isa = PBXFileReference; lastKnownFileType = sourcecode.c.objc; path = main.m; sourceTree = "<group>"; };
		3F45A8481D9BA7FD00A83BB1 /* AppDelegate.h */ = {isa = PBXFileReference; lastKnownFileType = sourcecode.c.h; path = AppDelegate.h; sourceTree = "<group>"; };
		3F45A8491D9BA7FD00A83BB1 /* AppDelegate.m */ = {isa = PBXFileReference; lastKnownFileType = sourcecode.c.objc; path = AppDelegate.m; sourceTree = "<group>"; };
		3F45A84F1D9BA7FD00A83BB1 /* Base */ = {isa = PBXFileReference; lastKnownFileType = file.storyboard; name = Base; path = Base.lproj/Main.storyboard; sourceTree = "<group>"; };
		3F45A8511D9BA7FD00A83BB1 /* Assets.xcassets */ = {isa = PBXFileReference; lastKnownFileType = folder.assetcatalog; path = Assets.xcassets; sourceTree = "<group>"; };
		3F45A8541D9BA7FD00A83BB1 /* Base */ = {isa = PBXFileReference; lastKnownFileType = file.storyboard; name = Base; path = Base.lproj/LaunchScreen.storyboard; sourceTree = "<group>"; };
		3F45A8561D9BA7FD00A83BB1 /* Info.plist */ = {isa = PBXFileReference; lastKnownFileType = text.plist.xml; path = Info.plist; sourceTree = "<group>"; };
		3F45A8C61D9BDB7D00A83BB1 /* LeftSettingController.h */ = {isa = PBXFileReference; fileEncoding = 4; lastKnownFileType = sourcecode.c.h; path = LeftSettingController.h; sourceTree = "<group>"; };
		3F45A8C71D9BDB7D00A83BB1 /* LeftSettingController.m */ = {isa = PBXFileReference; fileEncoding = 4; lastKnownFileType = sourcecode.c.objc; path = LeftSettingController.m; sourceTree = "<group>"; };
		3F45A8C81D9BDB7D00A83BB1 /* MMNavigationController.h */ = {isa = PBXFileReference; fileEncoding = 4; lastKnownFileType = sourcecode.c.h; path = MMNavigationController.h; sourceTree = "<group>"; };
		3F45A8C91D9BDB7D00A83BB1 /* MMNavigationController.m */ = {isa = PBXFileReference; fileEncoding = 4; lastKnownFileType = sourcecode.c.objc; path = MMNavigationController.m; sourceTree = "<group>"; };
		3F45A8CF1D9BE07900A83BB1 /* PrefixHeader.pch */ = {isa = PBXFileReference; lastKnownFileType = sourcecode.c.h; name = PrefixHeader.pch; path = ../../PrefixHeader.pch; sourceTree = "<group>"; };
		3F45A8D31D9BE25800A83BB1 /* VedioMainController.h */ = {isa = PBXFileReference; fileEncoding = 4; lastKnownFileType = sourcecode.c.h; path = VedioMainController.h; sourceTree = "<group>"; };
		3F45A8D41D9BE25800A83BB1 /* VedioMainController.m */ = {isa = PBXFileReference; fileEncoding = 4; lastKnownFileType = sourcecode.c.objc; path = VedioMainController.m; sourceTree = "<group>"; };
		3F45A8D51D9BE25800A83BB1 /* VedioMainController.xib */ = {isa = PBXFileReference; fileEncoding = 4; lastKnownFileType = file.xib; path = VedioMainController.xib; sourceTree = "<group>"; };
		3F45A8D81D9BE27000A83BB1 /* RadioMainController.h */ = {isa = PBXFileReference; fileEncoding = 4; lastKnownFileType = sourcecode.c.h; path = RadioMainController.h; sourceTree = "<group>"; };
		3F45A8D91D9BE27000A83BB1 /* RadioMainController.m */ = {isa = PBXFileReference; fileEncoding = 4; lastKnownFileType = sourcecode.c.objc; path = RadioMainController.m; sourceTree = "<group>"; };
		3F45A8DA1D9BE27000A83BB1 /* RadioMainController.xib */ = {isa = PBXFileReference; fileEncoding = 4; lastKnownFileType = file.xib; path = RadioMainController.xib; sourceTree = "<group>"; };
		3F45A8DD1D9BE28E00A83BB1 /* NewsMainController.h */ = {isa = PBXFileReference; fileEncoding = 4; lastKnownFileType = sourcecode.c.h; path = NewsMainController.h; sourceTree = "<group>"; };
		3F45A8DE1D9BE28E00A83BB1 /* NewsMainController.m */ = {isa = PBXFileReference; fileEncoding = 4; lastKnownFileType = sourcecode.c.objc; path = NewsMainController.m; sourceTree = "<group>"; };
		3F45A8DF1D9BE28E00A83BB1 /* NewsMainController.xib */ = {isa = PBXFileReference; fileEncoding = 4; lastKnownFileType = file.xib; path = NewsMainController.xib; sourceTree = "<group>"; };
		3F45A8E21D9BE2B500A83BB1 /* BuyMainController.h */ = {isa = PBXFileReference; fileEncoding = 4; lastKnownFileType = sourcecode.c.h; path = BuyMainController.h; sourceTree = "<group>"; };
		3F45A8E31D9BE2B500A83BB1 /* BuyMainController.m */ = {isa = PBXFileReference; fileEncoding = 4; lastKnownFileType = sourcecode.c.objc; path = BuyMainController.m; sourceTree = "<group>"; };
		3F45A8E41D9BE2B500A83BB1 /* BuyMainController.xib */ = {isa = PBXFileReference; fileEncoding = 4; lastKnownFileType = file.xib; path = BuyMainController.xib; sourceTree = "<group>"; };
		3FA6ABA41D9D31FD009D5B67 /* NewsMainTableViewCell.h */ = {isa = PBXFileReference; fileEncoding = 4; lastKnownFileType = sourcecode.c.h; path = NewsMainTableViewCell.h; sourceTree = "<group>"; };
		3FA6ABA51D9D31FD009D5B67 /* NewsMainTableViewCell.m */ = {isa = PBXFileReference; fileEncoding = 4; lastKnownFileType = sourcecode.c.objc; path = NewsMainTableViewCell.m; sourceTree = "<group>"; };
		3FA6ABA61D9D31FD009D5B67 /* NewsMainTableViewCell.xib */ = {isa = PBXFileReference; fileEncoding = 4; lastKnownFileType = file.xib; path = NewsMainTableViewCell.xib; sourceTree = "<group>"; };
		3FA6ABA91D9D36BE009D5B67 /* NewsDetailTableViewController.h */ = {isa = PBXFileReference; fileEncoding = 4; lastKnownFileType = sourcecode.c.h; path = NewsDetailTableViewController.h; sourceTree = "<group>"; };
		3FA6ABAA1D9D36BE009D5B67 /* NewsDetailTableViewController.m */ = {isa = PBXFileReference; fileEncoding = 4; lastKnownFileType = sourcecode.c.objc; path = NewsDetailTableViewController.m; sourceTree = "<group>"; };
		E5B94A3F61DF1F0EFDA62FC5 /* Pods-ProjectB.debug.xcconfig */ = {isa = PBXFileReference; includeInIndex = 1; lastKnownFileType = text.xcconfig; name = "Pods-ProjectB.debug.xcconfig"; path = "Pods/Target Support Files/Pods-ProjectB/Pods-ProjectB.debug.xcconfig"; sourceTree = "<group>"; };
/* End PBXFileReference section */

/* Begin PBXFrameworksBuildPhase section */
		3F45A83F1D9BA7FD00A83BB1 /* Frameworks */ = {
			isa = PBXFrameworksBuildPhase;
			buildActionMask = 2147483647;
			files = (
				403D4CABCEF43A9B1EBAB6A1 /* libPods-ProjectB.a in Frameworks */,
			);
			runOnlyForDeploymentPostprocessing = 0;
		};
/* End PBXFrameworksBuildPhase section */

/* Begin PBXGroup section */
		32C7BCD665F333BAE43D0A8C /* Pods */ = {
			isa = PBXGroup;
			children = (
				E5B94A3F61DF1F0EFDA62FC5 /* Pods-ProjectB.debug.xcconfig */,
				2BEEDCAA33316EC1D3FB37CC /* Pods-ProjectB.release.xcconfig */,
			);
			name = Pods;
			sourceTree = "<group>";
		};
		3F2539361D9BF1BC0072831B /* Tool */ = {
			isa = PBXGroup;
			children = (
				3F2539581D9C0F1C0072831B /* Helper */,
				3F2539371D9BF1F40072831B /* Images */,
			);
			path = Tool;
			sourceTree = "<group>";
		};
		3F2539371D9BF1F40072831B /* Images */ = {
			isa = PBXGroup;
			children = (
				3F25394A1D9BFB460072831B /* 视频.png */,
				3F25394B1D9BFB460072831B /* 视频2.png */,
				3F25394C1D9BFB460072831B /* 外卖.png */,
				3F25394D1D9BFB460072831B /* 外卖2.png */,
				3F25394E1D9BFB460072831B /* 新闻.png */,
				3F25394F1D9BFB460072831B /* 新闻2.png */,
			);
			path = Images;
			sourceTree = "<group>";
		};
		3F2539441D9BF55F0072831B /* Show */ = {
			isa = PBXGroup;
			children = (
				3F2539451D9BF5940072831B /* ShowViewController.h */,
				3F2539461D9BF5940072831B /* ShowViewController.m */,
				3F2539471D9BF5940072831B /* ShowViewController.xib */,
			);
			name = Show;
			path = ../Show;
			sourceTree = "<group>";
		};
		3F2539581D9C0F1C0072831B /* Helper */ = {
			isa = PBXGroup;
			children = (
				3F25395A1D9CA38D0072831B /* ToolsHelper.h */,
				3F45A8CF1D9BE07900A83BB1 /* PrefixHeader.pch */,
			);
			path = Helper;
			sourceTree = "<group>";
		};
		3F33C70A1D9D2E6A00621E92 /* RadioMain */ = {
			isa = PBXGroup;
			children = (
				3F33C70B1D9D2E6A00621E92 /* List.h */,
				3F33C70C1D9D2E6A00621E92 /* List.m */,
				3F33C70D1D9D2E6A00621E92 /* RadioMain.h */,
				3F33C70E1D9D2E6A00621E92 /* RadioMain.m */,
				3F33C70F1D9D2E6A00621E92 /* RadioMainDataModels.h */,
			);
			path = RadioMain;
			sourceTree = "<group>";
		};
		3F45A8391D9BA7FD00A83BB1 = {
			isa = PBXGroup;
			children = (
				3F45A8441D9BA7FD00A83BB1 /* ProjectB */,
				3F45A8431D9BA7FD00A83BB1 /* Products */,
				32C7BCD665F333BAE43D0A8C /* Pods */,
				8F838638800B8B98F8DB260C /* Frameworks */,
			);
			sourceTree = "<group>";
		};
		3F45A8431D9BA7FD00A83BB1 /* Products */ = {
			isa = PBXGroup;
			children = (
				3F45A8421D9BA7FD00A83BB1 /* ProjectB.app */,
			);
			name = Products;
			sourceTree = "<group>";
		};
		3F45A8441D9BA7FD00A83BB1 /* ProjectB */ = {
			isa = PBXGroup;
			children = (
				3F2539361D9BF1BC0072831B /* Tool */,
				3F45A8A51D9BC80000A83BB1 /* BaseCode */,
				3F45A8A41D9BC79700A83BB1 /* Libs */,
				3F45A8481D9BA7FD00A83BB1 /* AppDelegate.h */,
				3F45A8491D9BA7FD00A83BB1 /* AppDelegate.m */,
				3F45A84E1D9BA7FD00A83BB1 /* Main.storyboard */,
				3F45A8511D9BA7FD00A83BB1 /* Assets.xcassets */,
				3F33C7081D9D0D5D00621E92 /* 1.jpg */,
				3F45A8531D9BA7FD00A83BB1 /* LaunchScreen.storyboard */,
				3F45A8561D9BA7FD00A83BB1 /* Info.plist */,
				3F45A8451D9BA7FD00A83BB1 /* Supporting Files */,
			);
			path = ProjectB;
			sourceTree = "<group>";
		};
		3F45A8451D9BA7FD00A83BB1 /* Supporting Files */ = {
			isa = PBXGroup;
			children = (
				3F45A8461D9BA7FD00A83BB1 /* main.m */,
			);
			name = "Supporting Files";
			sourceTree = "<group>";
		};
		3F45A8A41D9BC79700A83BB1 /* Libs */ = {
			isa = PBXGroup;
			children = (
				3F25395D1D9CB3820072831B /* NetWorkRequest.h */,
				3F25395E1D9CB3820072831B /* NetWorkRequest.m */,
			);
			path = Libs;
			sourceTree = "<group>";
		};
		3F45A8A51D9BC80000A83BB1 /* BaseCode */ = {
			isa = PBXGroup;
			children = (
				3F45A8C51D9BDB7D00A83BB1 /* CenterView */,
				3F45A8A71D9BC8F800A83BB1 /* Setting */,
				3F45A8BB1D9BCBFE00A83BB1 /* RightWeather */,
				3F45A8A91D9BC97F00A83BB1 /* Main */,
				3F45A8A61D9BC81D00A83BB1 /* About */,
			);
			path = BaseCode;
			sourceTree = "<group>";
		};
		3F45A8A61D9BC81D00A83BB1 /* About */ = {
			isa = PBXGroup;
			children = (
			);
			name = About;
			path = about;
			sourceTree = "<group>";
		};
		3F45A8A71D9BC8F800A83BB1 /* Setting */ = {
			isa = PBXGroup;
			children = (
			);
			path = Setting;
			sourceTree = "<group>";
		};
		3F45A8A91D9BC97F00A83BB1 /* Main */ = {
			isa = PBXGroup;
			children = (
				3F45A8AA1D9BC9B900A83BB1 /* News */,
				3F45A8AB1D9BC9CF00A83BB1 /* Play */,
				3F45A8AC1D9BC9E600A83BB1 /* Buy */,
			);
			path = Main;
			sourceTree = "<group>";
		};
		3F45A8AA1D9BC9B900A83BB1 /* News */ = {
			isa = PBXGroup;
			children = (
				3F45A8B11D9BCA8400A83BB1 /* Controller */,
				3F45A8B01D9BCA7300A83BB1 /* Model */,
				3F45A8AF1D9BCA6100A83BB1 /* View */,
			);
			path = News;
			sourceTree = "<group>";
		};
		3F45A8AB1D9BC9CF00A83BB1 /* Play */ = {
			isa = PBXGroup;
			children = (
				3F2539441D9BF55F0072831B /* Show */,
				3F45A8AE1D9BCA2600A83BB1 /* Vedio */,
				3F45A8AD1D9BCA1400A83BB1 /* Radio */,
			);
			path = Play;
			sourceTree = "<group>";
		};
		3F45A8AC1D9BC9E600A83BB1 /* Buy */ = {
			isa = PBXGroup;
			children = (
				3F45A8BA1D9BCB6F00A83BB1 /* Controller */,
				3F45A8B91D9BCB6000A83BB1 /* Model */,
				3F45A8B81D9BCB4D00A83BB1 /* View */,
			);
			path = Buy;
			sourceTree = "<group>";
		};
		3F45A8AD1D9BCA1400A83BB1 /* Radio */ = {
			isa = PBXGroup;
			children = (
				3F45A8B71D9BCB3C00A83BB1 /* Controller */,
				3F45A8B61D9BCB2F00A83BB1 /* Model */,
				3F45A8B51D9BCB2300A83BB1 /* View */,
			);
			path = Radio;
			sourceTree = "<group>";
		};
		3F45A8AE1D9BCA2600A83BB1 /* Vedio */ = {
			isa = PBXGroup;
			children = (
				3F45A8B41D9BCB0D00A83BB1 /* Controller */,
				3F45A8B31D9BCAFE00A83BB1 /* Model */,
				3F45A8B21D9BCAEE00A83BB1 /* View */,
			);
			path = Vedio;
			sourceTree = "<group>";
		};
		3F45A8AF1D9BCA6100A83BB1 /* View */ = {
			isa = PBXGroup;
			children = (
				3FA6ABA41D9D31FD009D5B67 /* NewsMainTableViewCell.h */,
				3FA6ABA51D9D31FD009D5B67 /* NewsMainTableViewCell.m */,
				3FA6ABA61D9D31FD009D5B67 /* NewsMainTableViewCell.xib */,
			);
			path = View;
			sourceTree = "<group>";
		};
		3F45A8B01D9BCA7300A83BB1 /* Model */ = {
			isa = PBXGroup;
			children = (
			);
			path = Model;
			sourceTree = "<group>";
		};
		3F45A8B11D9BCA8400A83BB1 /* Controller */ = {
			isa = PBXGroup;
			children = (
				3F45A8DD1D9BE28E00A83BB1 /* NewsMainController.h */,
				3F45A8DE1D9BE28E00A83BB1 /* NewsMainController.m */,
				3F45A8DF1D9BE28E00A83BB1 /* NewsMainController.xib */,
				3FA6ABA91D9D36BE009D5B67 /* NewsDetailTableViewController.h */,
				3FA6ABAA1D9D36BE009D5B67 /* NewsDetailTableViewController.m */,
			);
			path = Controller;
			sourceTree = "<group>";
		};
		3F45A8B21D9BCAEE00A83BB1 /* View */ = {
			isa = PBXGroup;
			children = (
			);
			path = View;
			sourceTree = "<group>";
		};
		3F45A8B31D9BCAFE00A83BB1 /* Model */ = {
			isa = PBXGroup;
			children = (
			);
			path = Model;
			sourceTree = "<group>";
		};
		3F45A8B41D9BCB0D00A83BB1 /* Controller */ = {
			isa = PBXGroup;
			children = (
				3F45A8D31D9BE25800A83BB1 /* VedioMainController.h */,
				3F45A8D41D9BE25800A83BB1 /* VedioMainController.m */,
				3F45A8D51D9BE25800A83BB1 /* VedioMainController.xib */,
			);
			path = Controller;
			sourceTree = "<group>";
		};
		3F45A8B51D9BCB2300A83BB1 /* View */ = {
			isa = PBXGroup;
			children = (
				3F33C6F71D9CBF8500621E92 /* RadioMainRightTableCell.h */,
				3F33C6F81D9CBF8500621E92 /* RadioMainRightTableCell.m */,
				3F33C6F91D9CBF8500621E92 /* RadioMainRightTableCell.xib */,
				3F33C6FC1D9CDFC800621E92 /* RedioDetailListCell.h */,
				3F33C6FD1D9CDFC800621E92 /* RedioDetailListCell.m */,
				3F33C6FE1D9CDFC800621E92 /* RedioDetailListCell.xib */,
			);
			path = View;
			sourceTree = "<group>";
		};
		3F45A8B61D9BCB2F00A83BB1 /* Model */ = {
			isa = PBXGroup;
			children = (
				3F33C70A1D9D2E6A00621E92 /* RadioMain */,
			);
			path = Model;
			sourceTree = "<group>";
		};
		3F45A8B71D9BCB3C00A83BB1 /* Controller */ = {
			isa = PBXGroup;
			children = (
				3F45A8D81D9BE27000A83BB1 /* RadioMainController.h */,
				3F45A8D91D9BE27000A83BB1 /* RadioMainController.m */,
				3F45A8DA1D9BE27000A83BB1 /* RadioMainController.xib */,
				3F33C6F21D9CBD3700621E92 /* RadioDetailList.h */,
				3F33C6F31D9CBD3700621E92 /* RadioDetailList.m */,
				3F33C6F41D9CBD3700621E92 /* RadioDetailList.xib */,
				3F33C7011D9CEA3100621E92 /* radioController.h */,
				3F33C7021D9CEA3100621E92 /* radioController.m */,
				3F33C7031D9CEA3100621E92 /* radioController.xib */,
			);
			path = Controller;
			sourceTree = "<group>";
		};
		3F45A8B81D9BCB4D00A83BB1 /* View */ = {
			isa = PBXGroup;
			children = (
			);
			path = View;
			sourceTree = "<group>";
		};
		3F45A8B91D9BCB6000A83BB1 /* Model */ = {
			isa = PBXGroup;
			children = (
			);
			path = Model;
			sourceTree = "<group>";
		};
		3F45A8BA1D9BCB6F00A83BB1 /* Controller */ = {
			isa = PBXGroup;
			children = (
				3F45A8E21D9BE2B500A83BB1 /* BuyMainController.h */,
				3F45A8E31D9BE2B500A83BB1 /* BuyMainController.m */,
				3F45A8E41D9BE2B500A83BB1 /* BuyMainController.xib */,
			);
			path = Controller;
			sourceTree = "<group>";
		};
		3F45A8BB1D9BCBFE00A83BB1 /* RightWeather */ = {
			isa = PBXGroup;
			children = (
				3F2539241D9BEA400072831B /* RightWeatherController.h */,
				3F2539251D9BEA400072831B /* RightWeatherController.m */,
				3F2539261D9BEA400072831B /* RightWeatherController.xib */,
			);
			path = RightWeather;
			sourceTree = "<group>";
		};
		3F45A8C51D9BDB7D00A83BB1 /* CenterView */ = {
			isa = PBXGroup;
			children = (
				3F45A8C61D9BDB7D00A83BB1 /* LeftSettingController.h */,
				3F45A8C71D9BDB7D00A83BB1 /* LeftSettingController.m */,
				3F45A8C81D9BDB7D00A83BB1 /* MMNavigationController.h */,
				3F45A8C91D9BDB7D00A83BB1 /* MMNavigationController.m */,
			);
			name = CenterView;
			path = centerView;
			sourceTree = "<group>";
		};
		8F838638800B8B98F8DB260C /* Frameworks */ = {
			isa = PBXGroup;
			children = (
				29BCBBB5C7E01C13AF603DA3 /* libPods-ProjectB.a */,
			);
			name = Frameworks;
			sourceTree = "<group>";
		};
/* End PBXGroup section */

/* Begin PBXNativeTarget section */
		3F45A8411D9BA7FD00A83BB1 /* ProjectB */ = {
			isa = PBXNativeTarget;
			buildConfigurationList = 3F45A8591D9BA7FD00A83BB1 /* Build configuration list for PBXNativeTarget "ProjectB" */;
			buildPhases = (
				42165EA48CA6D4998FC788D8 /* 📦 Check Pods Manifest.lock */,
				3F45A83E1D9BA7FD00A83BB1 /* Sources */,
				3F45A83F1D9BA7FD00A83BB1 /* Frameworks */,
				3F45A8401D9BA7FD00A83BB1 /* Resources */,
				44ACE849A81F04360397388F /* 📦 Embed Pods Frameworks */,
				8C91A69D0E80642C1A00F9CF /* 📦 Copy Pods Resources */,
			);
			buildRules = (
			);
			dependencies = (
			);
			name = ProjectB;
			productName = ProjectB;
			productReference = 3F45A8421D9BA7FD00A83BB1 /* ProjectB.app */;
			productType = "com.apple.product-type.application";
		};
/* End PBXNativeTarget section */

/* Begin PBXProject section */
		3F45A83A1D9BA7FD00A83BB1 /* Project object */ = {
			isa = PBXProject;
			attributes = {
				LastUpgradeCheck = 0700;
				ORGANIZATIONNAME = lanou;
				TargetAttributes = {
					3F45A8411D9BA7FD00A83BB1 = {
						CreatedOnToolsVersion = 7.0.1;
					};
				};
			};
			buildConfigurationList = 3F45A83D1D9BA7FD00A83BB1 /* Build configuration list for PBXProject "ProjectB" */;
			compatibilityVersion = "Xcode 3.2";
			developmentRegion = English;
			hasScannedForEncodings = 0;
			knownRegions = (
				en,
				Base,
			);
			mainGroup = 3F45A8391D9BA7FD00A83BB1;
			productRefGroup = 3F45A8431D9BA7FD00A83BB1 /* Products */;
			projectDirPath = "";
			projectRoot = "";
			targets = (
				3F45A8411D9BA7FD00A83BB1 /* ProjectB */,
			);
		};
/* End PBXProject section */

/* Begin PBXResourcesBuildPhase section */
		3F45A8401D9BA7FD00A83BB1 /* Resources */ = {
			isa = PBXResourcesBuildPhase;
			buildActionMask = 2147483647;
			files = (
				3F2539511D9BFB460072831B /* 视频2.png in Resources */,
				3F2539501D9BFB460072831B /* 视频.png in Resources */,
				3F33C6F61D9CBD3700621E92 /* RadioDetailList.xib in Resources */,
				3F2539491D9BF5940072831B /* ShowViewController.xib in Resources */,
				3F45A8D71D9BE25800A83BB1 /* VedioMainController.xib in Resources */,
				3F2539541D9BFB460072831B /* 新闻.png in Resources */,
				3F45A8E11D9BE28E00A83BB1 /* NewsMainController.xib in Resources */,
				3F45A8551D9BA7FD00A83BB1 /* LaunchScreen.storyboard in Resources */,
				3F45A8E61D9BE2B500A83BB1 /* BuyMainController.xib in Resources */,
				3F33C7091D9D0D5E00621E92 /* 1.jpg in Resources */,
				3F45A8521D9BA7FD00A83BB1 /* Assets.xcassets in Resources */,
				3F2539551D9BFB460072831B /* 新闻2.png in Resources */,
				3F2539281D9BEA400072831B /* RightWeatherController.xib in Resources */,
				3F2539521D9BFB460072831B /* 外卖.png in Resources */,
				3F33C6FB1D9CBF8500621E92 /* RadioMainRightTableCell.xib in Resources */,
				3F33C7001D9CDFC800621E92 /* RedioDetailListCell.xib in Resources */,
				3F33C7051D9CEA3100621E92 /* radioController.xib in Resources */,
				3F2539531D9BFB460072831B /* 外卖2.png in Resources */,
				3F45A8501D9BA7FD00A83BB1 /* Main.storyboard in Resources */,
				3F45A8DC1D9BE27000A83BB1 /* RadioMainController.xib in Resources */,
				3FA6ABA81D9D31FD009D5B67 /* NewsMainTableViewCell.xib in Resources */,
			);
			runOnlyForDeploymentPostprocessing = 0;
		};
/* End PBXResourcesBuildPhase section */

/* Begin PBXShellScriptBuildPhase section */
		42165EA48CA6D4998FC788D8 /* 📦 Check Pods Manifest.lock */ = {
			isa = PBXShellScriptBuildPhase;
			buildActionMask = 2147483647;
			files = (
			);
			inputPaths = (
			);
			name = "📦 Check Pods Manifest.lock";
			outputPaths = (
			);
			runOnlyForDeploymentPostprocessing = 0;
			shellPath = /bin/sh;
			shellScript = "diff \"${PODS_ROOT}/../Podfile.lock\" \"${PODS_ROOT}/Manifest.lock\" > /dev/null\nif [[ $? != 0 ]] ; then\n    cat << EOM\nerror: The sandbox is not in sync with the Podfile.lock. Run 'pod install' or update your CocoaPods installation.\nEOM\n    exit 1\nfi\n";
			showEnvVarsInLog = 0;
		};
		44ACE849A81F04360397388F /* 📦 Embed Pods Frameworks */ = {
			isa = PBXShellScriptBuildPhase;
			buildActionMask = 2147483647;
			files = (
			);
			inputPaths = (
			);
			name = "📦 Embed Pods Frameworks";
			outputPaths = (
			);
			runOnlyForDeploymentPostprocessing = 0;
			shellPath = /bin/sh;
			shellScript = "\"${SRCROOT}/Pods/Target Support Files/Pods-ProjectB/Pods-ProjectB-frameworks.sh\"\n";
			showEnvVarsInLog = 0;
		};
		8C91A69D0E80642C1A00F9CF /* 📦 Copy Pods Resources */ = {
			isa = PBXShellScriptBuildPhase;
			buildActionMask = 2147483647;
			files = (
			);
			inputPaths = (
			);
			name = "📦 Copy Pods Resources";
			outputPaths = (
			);
			runOnlyForDeploymentPostprocessing = 0;
			shellPath = /bin/sh;
			shellScript = "\"${SRCROOT}/Pods/Target Support Files/Pods-ProjectB/Pods-ProjectB-resources.sh\"\n";
			showEnvVarsInLog = 0;
		};
/* End PBXShellScriptBuildPhase section */

/* Begin PBXSourcesBuildPhase section */
		3F45A83E1D9BA7FD00A83BB1 /* Sources */ = {
			isa = PBXSourcesBuildPhase;
			buildActionMask = 2147483647;
			files = (
				3F33C6FF1D9CDFC800621E92 /* RedioDetailListCell.m in Sources */,
				3FA6ABAB1D9D36BE009D5B67 /* NewsDetailTableViewController.m in Sources */,
				3F45A8DB1D9BE27000A83BB1 /* RadioMainController.m in Sources */,
				3F33C7041D9CEA3100621E92 /* radioController.m in Sources */,
				3F2539481D9BF5940072831B /* ShowViewController.m in Sources */,
				3F33C6F51D9CBD3700621E92 /* RadioDetailList.m in Sources */,
				3F45A84A1D9BA7FD00A83BB1 /* AppDelegate.m in Sources */,
				3F45A8CB1D9BDB7D00A83BB1 /* MMNavigationController.m in Sources */,
				3FA6ABA71D9D31FD009D5B67 /* NewsMainTableViewCell.m in Sources */,
				3F45A8CA1D9BDB7D00A83BB1 /* LeftSettingController.m in Sources */,
				3F45A8E01D9BE28E00A83BB1 /* NewsMainController.m in Sources */,
				3F33C6FA1D9CBF8500621E92 /* RadioMainRightTableCell.m in Sources */,
				3F33C7111D9D2E6A00621E92 /* RadioMain.m in Sources */,
				3F45A8D61D9BE25800A83BB1 /* VedioMainController.m in Sources */,
				3F2539271D9BEA400072831B /* RightWeatherController.m in Sources */,
				3F25395F1D9CB3820072831B /* NetWorkRequest.m in Sources */,
				3F33C7101D9D2E6A00621E92 /* List.m in Sources */,
				3F45A8471D9BA7FD00A83BB1 /* main.m in Sources */,
				3F45A8E51D9BE2B500A83BB1 /* BuyMainController.m in Sources */,
			);
			runOnlyForDeploymentPostprocessing = 0;
		};
/* End PBXSourcesBuildPhase section */

/* Begin PBXVariantGroup section */
		3F45A84E1D9BA7FD00A83BB1 /* Main.storyboard */ = {
			isa = PBXVariantGroup;
			children = (
				3F45A84F1D9BA7FD00A83BB1 /* Base */,
			);
			name = Main.storyboard;
			sourceTree = "<group>";
		};
		3F45A8531D9BA7FD00A83BB1 /* LaunchScreen.storyboard */ = {
			isa = PBXVariantGroup;
			children = (
				3F45A8541D9BA7FD00A83BB1 /* Base */,
			);
			name = LaunchScreen.storyboard;
			sourceTree = "<group>";
		};
/* End PBXVariantGroup section */

/* Begin XCBuildConfiguration section */
		3F45A8571D9BA7FD00A83BB1 /* Debug */ = {
			isa = XCBuildConfiguration;
			buildSettings = {
				ALWAYS_SEARCH_USER_PATHS = NO;
				CLANG_CXX_LANGUAGE_STANDARD = "gnu++0x";
				CLANG_CXX_LIBRARY = "libc++";
				CLANG_ENABLE_MODULES = YES;
				CLANG_ENABLE_OBJC_ARC = YES;
				CLANG_WARN_BOOL_CONVERSION = YES;
				CLANG_WARN_CONSTANT_CONVERSION = YES;
				CLANG_WARN_DIRECT_OBJC_ISA_USAGE = YES_ERROR;
				CLANG_WARN_EMPTY_BODY = YES;
				CLANG_WARN_ENUM_CONVERSION = YES;
				CLANG_WARN_INT_CONVERSION = YES;
				CLANG_WARN_OBJC_ROOT_CLASS = YES_ERROR;
				CLANG_WARN_UNREACHABLE_CODE = YES;
				CLANG_WARN__DUPLICATE_METHOD_MATCH = YES;
				"CODE_SIGN_IDENTITY[sdk=iphoneos*]" = "iPhone Developer";
				COPY_PHASE_STRIP = NO;
				DEBUG_INFORMATION_FORMAT = dwarf;
				ENABLE_STRICT_OBJC_MSGSEND = YES;
				ENABLE_TESTABILITY = YES;
				GCC_C_LANGUAGE_STANDARD = gnu99;
				GCC_DYNAMIC_NO_PIC = NO;
				GCC_NO_COMMON_BLOCKS = YES;
				GCC_OPTIMIZATION_LEVEL = 0;
				GCC_PREPROCESSOR_DEFINITIONS = (
					"DEBUG=1",
					"$(inherited)",
				);
				GCC_WARN_64_TO_32_BIT_CONVERSION = YES;
				GCC_WARN_ABOUT_RETURN_TYPE = YES_ERROR;
				GCC_WARN_UNDECLARED_SELECTOR = YES;
				GCC_WARN_UNINITIALIZED_AUTOS = YES_AGGRESSIVE;
				GCC_WARN_UNUSED_FUNCTION = YES;
				GCC_WARN_UNUSED_VARIABLE = YES;
				IPHONEOS_DEPLOYMENT_TARGET = 9.0;
				MTL_ENABLE_DEBUG_INFO = YES;
				ONLY_ACTIVE_ARCH = YES;
				SDKROOT = iphoneos;
				TARGETED_DEVICE_FAMILY = "1,2";
			};
			name = Debug;
		};
		3F45A8581D9BA7FD00A83BB1 /* Release */ = {
			isa = XCBuildConfiguration;
			buildSettings = {
				ALWAYS_SEARCH_USER_PATHS = NO;
				CLANG_CXX_LANGUAGE_STANDARD = "gnu++0x";
				CLANG_CXX_LIBRARY = "libc++";
				CLANG_ENABLE_MODULES = YES;
				CLANG_ENABLE_OBJC_ARC = YES;
				CLANG_WARN_BOOL_CONVERSION = YES;
				CLANG_WARN_CONSTANT_CONVERSION = YES;
				CLANG_WARN_DIRECT_OBJC_ISA_USAGE = YES_ERROR;
				CLANG_WARN_EMPTY_BODY = YES;
				CLANG_WARN_ENUM_CONVERSION = YES;
				CLANG_WARN_INT_CONVERSION = YES;
				CLANG_WARN_OBJC_ROOT_CLASS = YES_ERROR;
				CLANG_WARN_UNREACHABLE_CODE = YES;
				CLANG_WARN__DUPLICATE_METHOD_MATCH = YES;
				"CODE_SIGN_IDENTITY[sdk=iphoneos*]" = "iPhone Developer";
				COPY_PHASE_STRIP = NO;
				DEBUG_INFORMATION_FORMAT = "dwarf-with-dsym";
				ENABLE_NS_ASSERTIONS = NO;
				ENABLE_STRICT_OBJC_MSGSEND = YES;
				GCC_C_LANGUAGE_STANDARD = gnu99;
				GCC_NO_COMMON_BLOCKS = YES;
				GCC_WARN_64_TO_32_BIT_CONVERSION = YES;
				GCC_WARN_ABOUT_RETURN_TYPE = YES_ERROR;
				GCC_WARN_UNDECLARED_SELECTOR = YES;
				GCC_WARN_UNINITIALIZED_AUTOS = YES_AGGRESSIVE;
				GCC_WARN_UNUSED_FUNCTION = YES;
				GCC_WARN_UNUSED_VARIABLE = YES;
				IPHONEOS_DEPLOYMENT_TARGET = 9.0;
				MTL_ENABLE_DEBUG_INFO = NO;
				SDKROOT = iphoneos;
				TARGETED_DEVICE_FAMILY = "1,2";
				VALIDATE_PRODUCT = YES;
			};
			name = Release;
		};
		3F45A85A1D9BA7FD00A83BB1 /* Debug */ = {
			isa = XCBuildConfiguration;
			baseConfigurationReference = E5B94A3F61DF1F0EFDA62FC5 /* Pods-ProjectB.debug.xcconfig */;
			buildSettings = {
				ASSETCATALOG_COMPILER_APPICON_NAME = AppIcon;
				GCC_PRECOMPILE_PREFIX_HEADER = YES;
				GCC_PREFIX_HEADER = "$(SRCROOT)/ProjectB/PrefixHeader.pch";
				INFOPLIST_FILE = ProjectB/Info.plist;
				LD_RUNPATH_SEARCH_PATHS = "$(inherited) @executable_path/Frameworks";
				PRODUCT_BUNDLE_IDENTIFIER = llll.ProjectB;
				PRODUCT_NAME = "$(TARGET_NAME)";
			};
			name = Debug;
		};
		3F45A85B1D9BA7FD00A83BB1 /* Release */ = {
			isa = XCBuildConfiguration;
			baseConfigurationReference = 2BEEDCAA33316EC1D3FB37CC /* Pods-ProjectB.release.xcconfig */;
			buildSettings = {
				ASSETCATALOG_COMPILER_APPICON_NAME = AppIcon;
				GCC_PRECOMPILE_PREFIX_HEADER = YES;
				GCC_PREFIX_HEADER = "$(SRCROOT)/ProjectB/PrefixHeader.pch";
				INFOPLIST_FILE = ProjectB/Info.plist;
				LD_RUNPATH_SEARCH_PATHS = "$(inherited) @executable_path/Frameworks";
				PRODUCT_BUNDLE_IDENTIFIER = llll.ProjectB;
				PRODUCT_NAME = "$(TARGET_NAME)";
			};
			name = Release;
		};
/* End XCBuildConfiguration section */

/* Begin XCConfigurationList section */
		3F45A83D1D9BA7FD00A83BB1 /* Build configuration list for PBXProject "ProjectB" */ = {
			isa = XCConfigurationList;
			buildConfigurations = (
				3F45A8571D9BA7FD00A83BB1 /* Debug */,
				3F45A8581D9BA7FD00A83BB1 /* Release */,
			);
			defaultConfigurationIsVisible = 0;
			defaultConfigurationName = Release;
		};
		3F45A8591D9BA7FD00A83BB1 /* Build configuration list for PBXNativeTarget "ProjectB" */ = {
			isa = XCConfigurationList;
			buildConfigurations = (
				3F45A85A1D9BA7FD00A83BB1 /* Debug */,
				3F45A85B1D9BA7FD00A83BB1 /* Release */,
			);
			defaultConfigurationIsVisible = 0;
			defaultConfigurationName = Release;
		};
/* End XCConfigurationList section */
	};
	rootObject = 3F45A83A1D9BA7FD00A83BB1 /* Project object */;
}
